// !$*UTF8*$!
{
	archiveVersion = 1;
	classes = {
	};
	objectVersion = 48;
	objects = {

/* Begin PBXBuildFile section */
		6111AE121F979E6F0088E27C /* MediaPageController.swift in Sources */ = {isa = PBXBuildFile; fileRef = 6111AE111F979E6F0088E27C /* MediaPageController.swift */; };
		6111AE141F97A06E0088E27C /* Default-568h@2x.png in Resources */ = {isa = PBXBuildFile; fileRef = 6111AE131F97A06E0088E27C /* Default-568h@2x.png */; };
		6111AE1D1F97A5E20088E27C /* AppDelegate.swift in Sources */ = {isa = PBXBuildFile; fileRef = 6111AE1C1F97A5E20088E27C /* AppDelegate.swift */; };
		612DA70B1F8D037A0070BBBA /* ViewController.swift in Sources */ = {isa = PBXBuildFile; fileRef = 612DA70A1F8D037A0070BBBA /* ViewController.swift */; };
		612DA70E1F8D037A0070BBBA /* Main.storyboard in Resources */ = {isa = PBXBuildFile; fileRef = 612DA70C1F8D037A0070BBBA /* Main.storyboard */; };
		612DA7101F8D037B0070BBBA /* Assets.xcassets in Resources */ = {isa = PBXBuildFile; fileRef = 612DA70F1F8D037B0070BBBA /* Assets.xcassets */; };
		612DA7131F8D037B0070BBBA /* LaunchScreen.storyboard in Resources */ = {isa = PBXBuildFile; fileRef = 612DA7111F8D037B0070BBBA /* LaunchScreen.storyboard */; };
		618AC2EA1F8FBF4E0078E9F5 /* ColorTools.swift in Sources */ = {isa = PBXBuildFile; fileRef = 618AC2E91F8FBF4E0078E9F5 /* ColorTools.swift */; };
		618B6D191F8FB8DC002C80A2 /* changeScreen.swift in Sources */ = {isa = PBXBuildFile; fileRef = 618B6D181F8FB8DC002C80A2 /* changeScreen.swift */; };
/* End PBXBuildFile section */

/* Begin PBXContainerItemProxy section */
		612DA71A1F8D037B0070BBBA /* PBXContainerItemProxy */ = {
			isa = PBXContainerItemProxy;
			containerPortal = 612DA6FD1F8D03790070BBBA /* Project object */;
			proxyType = 1;
			remoteGlobalIDString = 612DA7041F8D03790070BBBA;
			remoteInfo = HowToButton;
		};
		612DA7251F8D037B0070BBBA /* PBXContainerItemProxy */ = {
			isa = PBXContainerItemProxy;
			containerPortal = 612DA6FD1F8D03790070BBBA /* Project object */;
			proxyType = 1;
			remoteGlobalIDString = 612DA7041F8D03790070BBBA;
			remoteInfo = HowToButton;
		};
/* End PBXContainerItemProxy section */

/* Begin PBXFileReference section */
		6111AE111F979E6F0088E27C /* MediaPageController.swift */ = {isa = PBXFileReference; lastKnownFileType = sourcecode.swift; path = MediaPageController.swift; sourceTree = "<group>"; };
		6111AE131F97A06E0088E27C /* Default-568h@2x.png */ = {isa = PBXFileReference; lastKnownFileType = image.png; path = "Default-568h@2x.png"; sourceTree = "<group>"; };
		6111AE1C1F97A5E20088E27C /* AppDelegate.swift */ = {isa = PBXFileReference; lastKnownFileType = sourcecode.swift; name = AppDelegate.swift; path = ../../../../../.Trash/AppDelegate.swift; sourceTree = "<group>"; };
		612DA7051F8D037A0070BBBA /* HowToButton.app */ = {isa = PBXFileReference; explicitFileType = wrapper.application; includeInIndex = 0; path = HowToButton.app; sourceTree = BUILT_PRODUCTS_DIR; };
		612DA70A1F8D037A0070BBBA /* ViewController.swift */ = {isa = PBXFileReference; lastKnownFileType = sourcecode.swift; path = ViewController.swift; sourceTree = "<group>"; };
		612DA70D1F8D037A0070BBBA /* Base */ = {isa = PBXFileReference; lastKnownFileType = file.storyboard; name = Base; path = Base.lproj/Main.storyboard; sourceTree = "<group>"; };
		612DA70F1F8D037B0070BBBA /* Assets.xcassets */ = {isa = PBXFileReference; lastKnownFileType = folder.assetcatalog; path = Assets.xcassets; sourceTree = "<group>"; };
		612DA7121F8D037B0070BBBA /* Base */ = {isa = PBXFileReference; lastKnownFileType = file.storyboard; name = Base; path = Base.lproj/LaunchScreen.storyboard; sourceTree = "<group>"; };
		612DA7191F8D037B0070BBBA /* HowToButtonTests.xctest */ = {isa = PBXFileReference; explicitFileType = wrapper.cfbundle; includeInIndex = 0; path = HowToButtonTests.xctest; sourceTree = BUILT_PRODUCTS_DIR; };
		612DA7241F8D037B0070BBBA /* HowToButtonUITests.xctest */ = {isa = PBXFileReference; explicitFileType = wrapper.cfbundle; includeInIndex = 0; path = HowToButtonUITests.xctest; sourceTree = BUILT_PRODUCTS_DIR; };
		612DA72A1F8D037C0070BBBA /* Info.plist */ = {isa = PBXFileReference; lastKnownFileType = text.plist.xml; name = Info.plist; path = ../../HowToButtonUITests/Info.plist; sourceTree = "<group>"; };
		618AC2E91F8FBF4E0078E9F5 /* ColorTools.swift */ = {isa = PBXFileReference; lastKnownFileType = sourcecode.swift; path = ColorTools.swift; sourceTree = "<group>"; };
		618B6D181F8FB8DC002C80A2 /* changeScreen.swift */ = {isa = PBXFileReference; lastKnownFileType = sourcecode.swift; path = changeScreen.swift; sourceTree = "<group>"; };
/* End PBXFileReference section */

/* Begin PBXFrameworksBuildPhase section */
		612DA7021F8D03790070BBBA /* Frameworks */ = {
			isa = PBXFrameworksBuildPhase;
			buildActionMask = 2147483647;
			files = (
			);
			runOnlyForDeploymentPostprocessing = 0;
		};
		612DA7161F8D037B0070BBBA /* Frameworks */ = {
			isa = PBXFrameworksBuildPhase;
			buildActionMask = 2147483647;
			files = (
			);
			runOnlyForDeploymentPostprocessing = 0;
		};
		612DA7211F8D037B0070BBBA /* Frameworks */ = {
			isa = PBXFrameworksBuildPhase;
			buildActionMask = 2147483647;
			files = (
			);
			runOnlyForDeploymentPostprocessing = 0;
		};
/* End PBXFrameworksBuildPhase section */

/* Begin PBXGroup section */
		612DA6FC1F8D03780070BBBA = {
			isa = PBXGroup;
			children = (
				6111AE131F97A06E0088E27C /* Default-568h@2x.png */,
				612DA7071F8D037A0070BBBA /* HowToButton */,
				612DA7061F8D037A0070BBBA /* Products */,
			);
			sourceTree = "<group>";
		};
		612DA7061F8D037A0070BBBA /* Products */ = {
			isa = PBXGroup;
			children = (
				612DA7051F8D037A0070BBBA /* HowToButton.app */,
				612DA7191F8D037B0070BBBA /* HowToButtonTests.xctest */,
				612DA7241F8D037B0070BBBA /* HowToButtonUITests.xctest */,
			);
			name = Products;
			sourceTree = "<group>";
		};
		612DA7071F8D037A0070BBBA /* HowToButton */ = {
			isa = PBXGroup;
			children = (
				618B6D1B1F8FBEB6002C80A2 /* Controller */,
				618AC2EB1F8FC0F50078E9F5 /* Resources */,
				618B6D1D1F8FBEC6002C80A2 /* Model */,
				618B6D1C1F8FBEC0002C80A2 /* View */,
			);
			path = HowToButton;
			sourceTree = "<group>";
		};
		618AC2EB1F8FC0F50078E9F5 /* Resources */ = {
			isa = PBXGroup;
			children = (
				612DA70F1F8D037B0070BBBA /* Assets.xcassets */,
				612DA72A1F8D037C0070BBBA /* Info.plist */,
			);
			path = Resources;
			sourceTree = "<group>";
		};
		618B6D1B1F8FBEB6002C80A2 /* Controller */ = {
			isa = PBXGroup;
			children = (
				6111AE1C1F97A5E20088E27C /* AppDelegate.swift */,
				6111AE111F979E6F0088E27C /* MediaPageController.swift */,
				618B6D181F8FB8DC002C80A2 /* changeScreen.swift */,
				612DA70A1F8D037A0070BBBA /* ViewController.swift */,
			);
			path = Controller;
			sourceTree = "<group>";
		};
		618B6D1C1F8FBEC0002C80A2 /* View */ = {
			isa = PBXGroup;
			children = (
				612DA7111F8D037B0070BBBA /* LaunchScreen.storyboard */,
				612DA70C1F8D037A0070BBBA /* Main.storyboard */,
			);
			path = View;
			sourceTree = "<group>";
		};
		618B6D1D1F8FBEC6002C80A2 /* Model */ = {
			isa = PBXGroup;
			children = (
				618AC2E91F8FBF4E0078E9F5 /* ColorTools.swift */,
			);
			path = Model;
			sourceTree = "<group>";
		};
/* End PBXGroup section */

/* Begin PBXNativeTarget section */
		612DA7041F8D03790070BBBA /* HowToButton */ = {
			isa = PBXNativeTarget;
			buildConfigurationList = 612DA72D1F8D037C0070BBBA /* Build configuration list for PBXNativeTarget "HowToButton" */;
			buildPhases = (
				612DA7011F8D03790070BBBA /* Sources */,
				612DA7021F8D03790070BBBA /* Frameworks */,
				612DA7031F8D03790070BBBA /* Resources */,
			);
			buildRules = (
			);
			dependencies = (
			);
			name = HowToButton;
			productName = HowToButton;
			productReference = 612DA7051F8D037A0070BBBA /* HowToButton.app */;
			productType = "com.apple.product-type.application";
		};
		612DA7181F8D037B0070BBBA /* HowToButtonTests */ = {
			isa = PBXNativeTarget;
			buildConfigurationList = 612DA7301F8D037C0070BBBA /* Build configuration list for PBXNativeTarget "HowToButtonTests" */;
			buildPhases = (
				612DA7151F8D037B0070BBBA /* Sources */,
				612DA7161F8D037B0070BBBA /* Frameworks */,
				612DA7171F8D037B0070BBBA /* Resources */,
			);
			buildRules = (
			);
			dependencies = (
				612DA71B1F8D037B0070BBBA /* PBXTargetDependency */,
			);
			name = HowToButtonTests;
			productName = HowToButtonTests;
			productReference = 612DA7191F8D037B0070BBBA /* HowToButtonTests.xctest */;
			productType = "com.apple.product-type.bundle.unit-test";
		};
		612DA7231F8D037B0070BBBA /* HowToButtonUITests */ = {
			isa = PBXNativeTarget;
			buildConfigurationList = 612DA7331F8D037C0070BBBA /* Build configuration list for PBXNativeTarget "HowToButtonUITests" */;
			buildPhases = (
				612DA7201F8D037B0070BBBA /* Sources */,
				612DA7211F8D037B0070BBBA /* Frameworks */,
				612DA7221F8D037B0070BBBA /* Resources */,
			);
			buildRules = (
			);
			dependencies = (
				612DA7261F8D037B0070BBBA /* PBXTargetDependency */,
			);
			name = HowToButtonUITests;
			productName = HowToButtonUITests;
			productReference = 612DA7241F8D037B0070BBBA /* HowToButtonUITests.xctest */;
			productType = "com.apple.product-type.bundle.ui-testing";
		};
/* End PBXNativeTarget section */

/* Begin PBXProject section */
		612DA6FD1F8D03790070BBBA /* Project object */ = {
			isa = PBXProject;
			attributes = {
				LastSwiftUpdateCheck = 0900;
				LastUpgradeCheck = 0900;
				ORGANIZATIONNAME = "Dela Cruz, Juan";
				TargetAttributes = {
					612DA7041F8D03790070BBBA = {
						CreatedOnToolsVersion = 9.0;
						ProvisioningStyle = Automatic;
					};
					612DA7181F8D037B0070BBBA = {
						CreatedOnToolsVersion = 9.0;
						ProvisioningStyle = Automatic;
						TestTargetID = 612DA7041F8D03790070BBBA;
					};
					612DA7231F8D037B0070BBBA = {
						CreatedOnToolsVersion = 9.0;
						ProvisioningStyle = Automatic;
						TestTargetID = 612DA7041F8D03790070BBBA;
					};
				};
			};
			buildConfigurationList = 612DA7001F8D03790070BBBA /* Build configuration list for PBXProject "HowToButton" */;
			compatibilityVersion = "Xcode 8.0";
			developmentRegion = en;
			hasScannedForEncodings = 0;
			knownRegions = (
				en,
				Base,
			);
			mainGroup = 612DA6FC1F8D03780070BBBA;
			productRefGroup = 612DA7061F8D037A0070BBBA /* Products */;
			projectDirPath = "";
			projectRoot = "";
			targets = (
				612DA7041F8D03790070BBBA /* HowToButton */,
				612DA7181F8D037B0070BBBA /* HowToButtonTests */,
				612DA7231F8D037B0070BBBA /* HowToButtonUITests */,
			);
		};
/* End PBXProject section */

/* Begin PBXResourcesBuildPhase section */
		612DA7031F8D03790070BBBA /* Resources */ = {
			isa = PBXResourcesBuildPhase;
			buildActionMask = 2147483647;
			files = (
				612DA7131F8D037B0070BBBA /* LaunchScreen.storyboard in Resources */,
				6111AE141F97A06E0088E27C /* Default-568h@2x.png in Resources */,
				612DA7101F8D037B0070BBBA /* Assets.xcassets in Resources */,
				612DA70E1F8D037A0070BBBA /* Main.storyboard in Resources */,
			);
			runOnlyForDeploymentPostprocessing = 0;
		};
		612DA7171F8D037B0070BBBA /* Resources */ = {
			isa = PBXResourcesBuildPhase;
			buildActionMask = 2147483647;
			files = (
			);
			runOnlyForDeploymentPostprocessing = 0;
		};
		612DA7221F8D037B0070BBBA /* Resources */ = {
			isa = PBXResourcesBuildPhase;
			buildActionMask = 2147483647;
			files = (
			);
			runOnlyForDeploymentPostprocessing = 0;
		};
/* End PBXResourcesBuildPhase section */

/* Begin PBXSourcesBuildPhase section */
		612DA7011F8D03790070BBBA /* Sources */ = {
			isa = PBXSourcesBuildPhase;
			buildActionMask = 2147483647;
			files = (
				612DA70B1F8D037A0070BBBA /* ViewController.swift in Sources */,
				6111AE121F979E6F0088E27C /* MediaPageController.swift in Sources */,
				618B6D191F8FB8DC002C80A2 /* changeScreen.swift in Sources */,
				6111AE1D1F97A5E20088E27C /* AppDelegate.swift in Sources */,
				618AC2EA1F8FBF4E0078E9F5 /* ColorTools.swift in Sources */,
			);
			runOnlyForDeploymentPostprocessing = 0;
		};
		612DA7151F8D037B0070BBBA /* Sources */ = {
			isa = PBXSourcesBuildPhase;
			buildActionMask = 2147483647;
			files = (
			);
			runOnlyForDeploymentPostprocessing = 0;
		};
		612DA7201F8D037B0070BBBA /* Sources */ = {
			isa = PBXSourcesBuildPhase;
			buildActionMask = 2147483647;
			files = (
			);
			runOnlyForDeploymentPostprocessing = 0;
		};
/* End PBXSourcesBuildPhase section */

/* Begin PBXTargetDependency section */
		612DA71B1F8D037B0070BBBA /* PBXTargetDependency */ = {
			isa = PBXTargetDependency;
			target = 612DA7041F8D03790070BBBA /* HowToButton */;
			targetProxy = 612DA71A1F8D037B0070BBBA /* PBXContainerItemProxy */;
		};
		612DA7261F8D037B0070BBBA /* PBXTargetDependency */ = {
			isa = PBXTargetDependency;
			target = 612DA7041F8D03790070BBBA /* HowToButton */;
			targetProxy = 612DA7251F8D037B0070BBBA /* PBXContainerItemProxy */;
		};
/* End PBXTargetDependency section */

/* Begin PBXVariantGroup section */
		612DA70C1F8D037A0070BBBA /* Main.storyboard */ = {
			isa = PBXVariantGroup;
			children = (
				612DA70D1F8D037A0070BBBA /* Base */,
			);
			name = Main.storyboard;
			sourceTree = "<group>";
		};
		612DA7111F8D037B0070BBBA /* LaunchScreen.storyboard */ = {
			isa = PBXVariantGroup;
			children = (
				612DA7121F8D037B0070BBBA /* Base */,
			);
			name = LaunchScreen.storyboard;
			sourceTree = "<group>";
		};
/* End PBXVariantGroup section */

/* Begin XCBuildConfiguration section */
		612DA72B1F8D037C0070BBBA /* Debug */ = {
			isa = XCBuildConfiguration;
			buildSettings = {
				ALWAYS_SEARCH_USER_PATHS = NO;
				CLANG_ANALYZER_NONNULL = YES;
				CLANG_ANALYZER_NUMBER_OBJECT_CONVERSION = YES_AGGRESSIVE;
				CLANG_CXX_LANGUAGE_STANDARD = "gnu++14";
				CLANG_CXX_LIBRARY = "libc++";
				CLANG_ENABLE_MODULES = YES;
				CLANG_ENABLE_OBJC_ARC = YES;
				CLANG_WARN_BLOCK_CAPTURE_AUTORELEASING = YES;
				CLANG_WARN_BOOL_CONVERSION = YES;
				CLANG_WARN_COMMA = YES;
				CLANG_WARN_CONSTANT_CONVERSION = YES;
				CLANG_WARN_DIRECT_OBJC_ISA_USAGE = YES_ERROR;
				CLANG_WARN_DOCUMENTATION_COMMENTS = YES;
				CLANG_WARN_EMPTY_BODY = YES;
				CLANG_WARN_ENUM_CONVERSION = YES;
				CLANG_WARN_INFINITE_RECURSION = YES;
				CLANG_WARN_INT_CONVERSION = YES;
				CLANG_WARN_NON_LITERAL_NULL_CONVERSION = YES;
				CLANG_WARN_OBJC_LITERAL_CONVERSION = YES;
				CLANG_WARN_OBJC_ROOT_CLASS = YES_ERROR;
				CLANG_WARN_RANGE_LOOP_ANALYSIS = YES;
				CLANG_WARN_STRICT_PROTOTYPES = YES;
				CLANG_WARN_SUSPICIOUS_MOVE = YES;
				CLANG_WARN_UNGUARDED_AVAILABILITY = YES_AGGRESSIVE;
				CLANG_WARN_UNREACHABLE_CODE = YES;
				CLANG_WARN__DUPLICATE_METHOD_MATCH = YES;
				CODE_SIGN_IDENTITY = "iPhone Developer";
				COPY_PHASE_STRIP = NO;
				DEBUG_INFORMATION_FORMAT = dwarf;
				ENABLE_STRICT_OBJC_MSGSEND = YES;
				ENABLE_TESTABILITY = YES;
				GCC_C_LANGUAGE_STANDARD = gnu11;
				GCC_DYNAMIC_NO_PIC = NO;
				GCC_NO_COMMON_BLOCKS = YES;
				GCC_OPTIMIZATION_LEVEL = 0;
				GCC_PREPROCESSOR_DEFINITIONS = (
					"DEBUG=1",
					"$(inherited)",
				);
				GCC_WARN_64_TO_32_BIT_CONVERSION = YES;
				GCC_WARN_ABOUT_RETURN_TYPE = YES_ERROR;
				GCC_WARN_UNDECLARED_SELECTOR = YES;
				GCC_WARN_UNINITIALIZED_AUTOS = YES_AGGRESSIVE;
				GCC_WARN_UNUSED_FUNCTION = YES;
				GCC_WARN_UNUSED_VARIABLE = YES;
				IPHONEOS_DEPLOYMENT_TARGET = 11.0;
				MTL_ENABLE_DEBUG_INFO = YES;
				ONLY_ACTIVE_ARCH = YES;
				SDKROOT = iphoneos;
				SWIFT_ACTIVE_COMPILATION_CONDITIONS = DEBUG;
				SWIFT_OPTIMIZATION_LEVEL = "-Onone";
			};
			name = Debug;
		};
		612DA72C1F8D037C0070BBBA /* Release */ = {
			isa = XCBuildConfiguration;
			buildSettings = {
				ALWAYS_SEARCH_USER_PATHS = NO;
				CLANG_ANALYZER_NONNULL = YES;
				CLANG_ANALYZER_NUMBER_OBJECT_CONVERSION = YES_AGGRESSIVE;
				CLANG_CXX_LANGUAGE_STANDARD = "gnu++14";
				CLANG_CXX_LIBRARY = "libc++";
				CLANG_ENABLE_MODULES = YES;
				CLANG_ENABLE_OBJC_ARC = YES;
				CLANG_WARN_BLOCK_CAPTURE_AUTORELEASING = YES;
				CLANG_WARN_BOOL_CONVERSION = YES;
				CLANG_WARN_COMMA = YES;
				CLANG_WARN_CONSTANT_CONVERSION = YES;
				CLANG_WARN_DIRECT_OBJC_ISA_USAGE = YES_ERROR;
				CLANG_WARN_DOCUMENTATION_COMMENTS = YES;
				CLANG_WARN_EMPTY_BODY = YES;
				CLANG_WARN_ENUM_CONVERSION = YES;
				CLANG_WARN_INFINITE_RECURSION = YES;
				CLANG_WARN_INT_CONVERSION = YES;
				CLANG_WARN_NON_LITERAL_NULL_CONVERSION = YES;
				CLANG_WARN_OBJC_LITERAL_CONVERSION = YES;
				CLANG_WARN_OBJC_ROOT_CLASS = YES_ERROR;
				CLANG_WARN_RANGE_LOOP_ANALYSIS = YES;
				CLANG_WARN_STRICT_PROTOTYPES = YES;
				CLANG_WARN_SUSPICIOUS_MOVE = YES;
				CLANG_WARN_UNGUARDED_AVAILABILITY = YES_AGGRESSIVE;
				CLANG_WARN_UNREACHABLE_CODE = YES;
				CLANG_WARN__DUPLICATE_METHOD_MATCH = YES;
				CODE_SIGN_IDENTITY = "iPhone Developer";
				COPY_PHASE_STRIP = NO;
				DEBUG_INFORMATION_FORMAT = "dwarf-with-dsym";
				ENABLE_NS_ASSERTIONS = NO;
				ENABLE_STRICT_OBJC_MSGSEND = YES;
				GCC_C_LANGUAGE_STANDARD = gnu11;
				GCC_NO_COMMON_BLOCKS = YES;
				GCC_WARN_64_TO_32_BIT_CONVERSION = YES;
				GCC_WARN_ABOUT_RETURN_TYPE = YES_ERROR;
				GCC_WARN_UNDECLARED_SELECTOR = YES;
				GCC_WARN_UNINITIALIZED_AUTOS = YES_AGGRESSIVE;
				GCC_WARN_UNUSED_FUNCTION = YES;
				GCC_WARN_UNUSED_VARIABLE = YES;
				IPHONEOS_DEPLOYMENT_TARGET = 11.0;
				MTL_ENABLE_DEBUG_INFO = NO;
				SDKROOT = iphoneos;
				SWIFT_OPTIMIZATION_LEVEL = "-Owholemodule";
				VALIDATE_PRODUCT = YES;
			};
			name = Release;
		};
		612DA72E1F8D037C0070BBBA /* Debug */ = {
			isa = XCBuildConfiguration;
			buildSettings = {
				ASSETCATALOG_COMPILER_APPICON_NAME = AppIcon;
				CODE_SIGN_STYLE = Automatic;
				INFOPLIST_FILE = HowToButton/Info.plist;
				LD_RUNPATH_SEARCH_PATHS = "$(inherited) @executable_path/Frameworks";
				PRODUCT_BUNDLE_IDENTIFIER = CTEC.HowToButton;
				PRODUCT_NAME = "$(TARGET_NAME)";
				SWIFT_VERSION = 4.0;
				TARGETED_DEVICE_FAMILY = "1,2";
			};
			name = Debug;
		};
		612DA72F1F8D037C0070BBBA /* Release */ = {
			isa = XCBuildConfiguration;
			buildSettings = {
				ASSETCATALOG_COMPILER_APPICON_NAME = AppIcon;
				CODE_SIGN_STYLE = Automatic;
				INFOPLIST_FILE = HowToButton/Info.plist;
				LD_RUNPATH_SEARCH_PATHS = "$(inherited) @executable_path/Frameworks";
				PRODUCT_BUNDLE_IDENTIFIER = CTEC.HowToButton;
				PRODUCT_NAME = "$(TARGET_NAME)";
				SWIFT_VERSION = 4.0;
				TARGETED_DEVICE_FAMILY = "1,2";
			};
			name = Release;
		};
		612DA7311F8D037C0070BBBA /* Debug */ = {
			isa = XCBuildConfiguration;
			buildSettings = {
				ALWAYS_EMBED_SWIFT_STANDARD_LIBRARIES = YES;
				BUNDLE_LOADER = "$(TEST_HOST)";
				CODE_SIGN_STYLE = Automatic;
				INFOPLIST_FILE = HowToButtonTests/Info.plist;
				LD_RUNPATH_SEARCH_PATHS = "$(inherited) @executable_path/Frameworks @loader_path/Frameworks";
				PRODUCT_BUNDLE_IDENTIFIER = CTEC.HowToButtonTests;
				PRODUCT_NAME = "$(TARGET_NAME)";
				SWIFT_VERSION = 4.0;
				TARGETED_DEVICE_FAMILY = "1,2";
				TEST_HOST = "$(BUILT_PRODUCTS_DIR)/HowToButton.app/HowToButton";
			};
			name = Debug;
		};
		612DA7321F8D037C0070BBBA /* Release */ = {
			isa = XCBuildConfiguration;
			buildSettings = {
				ALWAYS_EMBED_SWIFT_STANDARD_LIBRARIES = YES;
				BUNDLE_LOADER = "$(TEST_HOST)";
				CODE_SIGN_STYLE = Automatic;
				INFOPLIST_FILE = HowToButtonTests/Info.plist;
				LD_RUNPATH_SEARCH_PATHS = "$(inherited) @executable_path/Frameworks @loader_path/Frameworks";
				PRODUCT_BUNDLE_IDENTIFIER = CTEC.HowToButtonTests;
				PRODUCT_NAME = "$(TARGET_NAME)";
				SWIFT_VERSION = 4.0;
				TARGETED_DEVICE_FAMILY = "1,2";
				TEST_HOST = "$(BUILT_PRODUCTS_DIR)/HowToButton.app/HowToButton";
			};
			name = Release;
		};
		612DA7341F8D037C0070BBBA /* Debug */ = {
			isa = XCBuildConfiguration;
			buildSettings = {
				ALWAYS_EMBED_SWIFT_STANDARD_LIBRARIES = YES;
				CODE_SIGN_STYLE = Automatic;
				INFOPLIST_FILE = HowToButtonUITests/Info.plist;
				LD_RUNPATH_SEARCH_PATHS = "$(inherited) @executable_path/Frameworks @loader_path/Frameworks";
				PRODUCT_BUNDLE_IDENTIFIER = CTEC.HowToButtonUITests;
				PRODUCT_NAME = "$(TARGET_NAME)";
				SWIFT_VERSION = 4.0;
				TARGETED_DEVICE_FAMILY = "1,2";
				TEST_TARGET_NAME = HowToButton;
			};
			name = Debug;
		};
		612DA7351F8D037C0070BBBA /* Release */ = {
			isa = XCBuildConfiguration;
			buildSettings = {
				ALWAYS_EMBED_SWIFT_STANDARD_LIBRARIES = YES;
				CODE_SIGN_STYLE = Automatic;
				INFOPLIST_FILE = HowToButtonUITests/Info.plist;
				LD_RUNPATH_SEARCH_PATHS = "$(inherited) @executable_path/Frameworks @loader_path/Frameworks";
				PRODUCT_BUNDLE_IDENTIFIER = CTEC.HowToButtonUITests;
				PRODUCT_NAME = "$(TARGET_NAME)";
				SWIFT_VERSION = 4.0;
				TARGETED_DEVICE_FAMILY = "1,2";
				TEST_TARGET_NAME = HowToButton;
			};
			name = Release;
		};
/* End XCBuildConfiguration section */

/* Begin XCConfigurationList section */
		612DA7001F8D03790070BBBA /* Build configuration list for PBXProject "HowToButton" */ = {
			isa = XCConfigurationList;
			buildConfigurations = (
				612DA72B1F8D037C0070BBBA /* Debug */,
				612DA72C1F8D037C0070BBBA /* Release */,
			);
			defaultConfigurationIsVisible = 0;
			defaultConfigurationName = Release;
		};
		612DA72D1F8D037C0070BBBA /* Build configuration list for PBXNativeTarget "HowToButton" */ = {
			isa = XCConfigurationList;
			buildConfigurations = (
				612DA72E1F8D037C0070BBBA /* Debug */,
				612DA72F1F8D037C0070BBBA /* Release */,
			);
			defaultConfigurationIsVisible = 0;
			defaultConfigurationName = Release;
		};
		612DA7301F8D037C0070BBBA /* Build configuration list for PBXNativeTarget "HowToButtonTests" */ = {
			isa = XCConfigurationList;
			buildConfigurations = (
				612DA7311F8D037C0070BBBA /* Debug */,
				612DA7321F8D037C0070BBBA /* Release */,
			);
			defaultConfigurationIsVisible = 0;
			defaultConfigurationName = Release;
		};
		612DA7331F8D037C0070BBBA /* Build configuration list for PBXNativeTarget "HowToButtonUITests" */ = {
			isa = XCConfigurationList;
			buildConfigurations = (
				612DA7341F8D037C0070BBBA /* Debug */,
				612DA7351F8D037C0070BBBA /* Release */,
			);
			defaultConfigurationIsVisible = 0;
			defaultConfigurationName = Release;
		};
/* End XCConfigurationList section */
	};
	rootObject = 612DA6FD1F8D03790070BBBA /* Project object */;
}
